
Microsoft Visual Studio Solution File, Format Version 12.00
# Visual Studio Version 16
VisualStudioVersion = 16.0.29209.62
MinimumVisualStudioVersion = 10.0.40219.1
Project("{FAE04EC0-301F-11D3-BF4B-00C04F79EFBC}") = "Exercise1", "Exercise1\Exercise1.csproj", "{A39D7819-CEF5-4586-8926-9651A3F63ED2}"
EndProject
Project("{FAE04EC0-301F-11D3-BF4B-00C04F79EFBC}") = "Exercise2", "Exercise2\Exercise2.csproj", "{F5D64CBE-7D5F-4CDE-968A-72696C28D33F}"
EndProject
Project("{FAE04EC0-301F-11D3-BF4B-00C04F79EFBC}") = "Exercise3", "Exercise3\Exercise3.csproj", "{AEB0E096-E0FC-406D-941E-FD48E87E70E0}"
EndProject
Project("{FAE04EC0-301F-11D3-BF4B-00C04F79EFBC}") = "Exercise4", "Exercise4\Exercise4.csproj", "{5C8668C1-3AFF-403D-A095-E9F2AE77D1C7}"
EndProject
Global
	GlobalSection(SolutionConfigurationPlatforms) = preSolution
		Debug|Any CPU = Debug|Any CPU
		Release|Any CPU = Release|Any CPU
	EndGlobalSection
	GlobalSection(ProjectConfigurationPlatforms) = postSolution
		{A39D7819-CEF5-4586-8926-9651A3F63ED2}.Debug|Any CPU.ActiveCfg = Debug|Any CPU
		{A39D7819-CEF5-4586-8926-9651A3F63ED2}.Debug|Any CPU.Build.0 = Debug|Any CPU
		{A39D7819-CEF5-4586-8926-9651A3F63ED2}.Release|Any CPU.ActiveCfg = Release|Any CPU
		{A39D7819-CEF5-4586-8926-9651A3F63ED2}.Release|Any CPU.Build.0 = Release|Any CPU
		{F5D64CBE-7D5F-4CDE-968A-72696C28D33F}.Debug|Any CPU.ActiveCfg = Debug|Any CPU
		{F5D64CBE-7D5F-4CDE-968A-72696C28D33F}.Debug|Any CPU.Build.0 = Debug|Any CPU
		{F5D64CBE-7D5F-4CDE-968A-72696C28D33F}.Release|Any CPU.ActiveCfg = Release|Any CPU
		{F5D64CBE-7D5F-4CDE-968A-72696C28D33F}.Release|Any CPU.Build.0 = Release|Any CPU
		{AEB0E096-E0FC-406D-941E-FD48E87E70E0}.Debug|Any CPU.ActiveCfg = Debug|Any CPU
		{AEB0E096-E0FC-406D-941E-FD48E87E70E0}.Debug|Any CPU.Build.0 = Debug|Any CPU
		{AEB0E096-E0FC-406D-941E-FD48E87E70E0}.Release|Any CPU.ActiveCfg = Release|Any CPU
		{AEB0E096-E0FC-406D-941E-FD48E87E70E0}.Release|Any CPU.Build.0 = Release|Any CPU
		{5C8668C1-3AFF-403D-A095-E9F2AE77D1C7}.Debug|Any CPU.ActiveCfg = Debug|Any CPU
		{5C8668C1-3AFF-403D-A095-E9F2AE77D1C7}.Debug|Any CPU.Build.0 = Debug|Any CPU
		{5C8668C1-3AFF-403D-A095-E9F2AE77D1C7}.Release|Any CPU.ActiveCfg = Release|Any CPU
		{5C8668C1-3AFF-403D-A095-E9F2AE77D1C7}.Release|Any CPU.Build.0 = Release|Any CPU
	EndGlobalSection
	GlobalSection(SolutionProperties) = preSolution
		HideSolutionNode = FALSE
	EndGlobalSection
	GlobalSection(ExtensibilityGlobals) = postSolution
		SolutionGuid = {6683ED7D-B0E3-4ABF-B929-1FD7D1C8E31E}
	EndGlobalSection
EndGlobal
